
Microsoft Visual Studio Solution File, Format Version 12.00
# Visual Studio Version 17
VisualStudioVersion = 17.2.32616.157
MinimumVisualStudioVersion = 10.0.40219.1
Project("{FAE04EC0-301F-11D3-BF4B-00C04F79EFBC}") = "ecommerce-full", "ecommerce-full.csproj", "{7E473A6E-1015-43F8-87AC-C78304AC42C9}"
EndProject
Global
	GlobalSection(SolutionConfigurationPlatforms) = preSolution
		Debug|Any CPU = Debug|Any CPU
		Release|Any CPU = Release|Any CPU
	EndGlobalSection
	GlobalSection(ProjectConfigurationPlatforms) = postSolution
		{7E473A6E-1015-43F8-87AC-C78304AC42C9}.Debug|Any CPU.ActiveCfg = Debug|Any CPU
		{7E473A6E-1015-43F8-87AC-C78304AC42C9}.Debug|Any CPU.Build.0 = Debug|Any CPU
		{7E473A6E-1015-43F8-87AC-C78304AC42C9}.Release|Any CPU.ActiveCfg = Release|Any CPU
		{7E473A6E-1015-43F8-87AC-C78304AC42C9}.Release|Any CPU.Build.0 = Release|Any CPU
	EndGlobalSection
	GlobalSection(SolutionProperties) = preSolution
		HideSolutionNode = FALSE
	EndGlobalSection
	GlobalSection(ExtensibilityGlobals) = postSolution
		SolutionGuid = {9E566EE0-877F-4840-9EE9-A28ECB19226E}
	EndGlobalSection
EndGlobal
